// !$*UTF8*$!
{
	archiveVersion = 1;
	classes = {
	};
	objectVersion = 46;
	objects = {

/* Begin PBXBuildFile section */
		4F1D1889181973D600DBF595 /* ShellSort.m in Sources */ = {isa = PBXBuildFile; fileRef = 4F1D1888181973D600DBF595 /* ShellSort.m */; };
		4F1D188C1819995900DBF595 /* ShuffleSort.m in Sources */ = {isa = PBXBuildFile; fileRef = 4F1D188B1819995900DBF595 /* ShuffleSort.m */; };
		4F3B78EE1807397600E1E64B /* Foundation.framework in Frameworks */ = {isa = PBXBuildFile; fileRef = 4F3B78ED1807397600E1E64B /* Foundation.framework */; };
		4F3B78F11807397600E1E64B /* main.m in Sources */ = {isa = PBXBuildFile; fileRef = 4F3B78F01807397600E1E64B /* main.m */; };
		4F3B78F51807397600E1E64B /* LinkedList.1 in CopyFiles */ = {isa = PBXBuildFile; fileRef = 4F3B78F41807397600E1E64B /* LinkedList.1 */; };
		4F3B78FD1807398900E1E64B /* Node.m in Sources */ = {isa = PBXBuildFile; fileRef = 4F3B78FC1807398900E1E64B /* Node.m */; };
		4F3B7900180739B500E1E64B /* LinkedList.m in Sources */ = {isa = PBXBuildFile; fileRef = 4F3B78FF180739B500E1E64B /* LinkedList.m */; };
		4F5B4611181817C20097908F /* Queue.m in Sources */ = {isa = PBXBuildFile; fileRef = 4F5B4610181817C20097908F /* Queue.m */; };
		4F5B461518182CE60097908F /* SelectionSort.m in Sources */ = {isa = PBXBuildFile; fileRef = 4F5B461418182CE60097908F /* SelectionSort.m */; };
		4F5B4618181831F80097908F /* InsertionSort.m in Sources */ = {isa = PBXBuildFile; fileRef = 4F5B4617181831F80097908F /* InsertionSort.m */; };
		8299E1171807825C006AB434 /* Stack.m in Sources */ = {isa = PBXBuildFile; fileRef = 8299E1161807825C006AB434 /* Stack.m */; };
/* End PBXBuildFile section */

/* Begin PBXCopyFilesBuildPhase section */
		4F3B78E81807397600E1E64B /* CopyFiles */ = {
			isa = PBXCopyFilesBuildPhase;
			buildActionMask = 2147483647;
			dstPath = /usr/share/man/man1/;
			dstSubfolderSpec = 0;
			files = (
				4F3B78F51807397600E1E64B /* LinkedList.1 in CopyFiles */,
			);
			runOnlyForDeploymentPostprocessing = 1;
		};
/* End PBXCopyFilesBuildPhase section */

/* Begin PBXFileReference section */
		4F1D1887181973D600DBF595 /* ShellSort.h */ = {isa = PBXFileReference; fileEncoding = 4; lastKnownFileType = sourcecode.c.h; name = ShellSort.h; path = Sorting/ShellSort/ShellSort.h; sourceTree = "<group>"; };
		4F1D1888181973D600DBF595 /* ShellSort.m */ = {isa = PBXFileReference; fileEncoding = 4; lastKnownFileType = sourcecode.c.objc; name = ShellSort.m; path = Sorting/ShellSort/ShellSort.m; sourceTree = "<group>"; };
		4F1D188A1819995900DBF595 /* ShuffleSort.h */ = {isa = PBXFileReference; fileEncoding = 4; lastKnownFileType = sourcecode.c.h; name = ShuffleSort.h; path = Sorting/ShuffleSort.h; sourceTree = "<group>"; };
		4F1D188B1819995900DBF595 /* ShuffleSort.m */ = {isa = PBXFileReference; fileEncoding = 4; lastKnownFileType = sourcecode.c.objc; name = ShuffleSort.m; path = Sorting/ShuffleSort.m; sourceTree = "<group>"; };
		4F3B78EA1807397600E1E64B /* Algorithms */ = {isa = PBXFileReference; explicitFileType = "compiled.mach-o.executable"; includeInIndex = 0; path = Algorithms; sourceTree = BUILT_PRODUCTS_DIR; };
		4F3B78ED1807397600E1E64B /* Foundation.framework */ = {isa = PBXFileReference; lastKnownFileType = wrapper.framework; name = Foundation.framework; path = System/Library/Frameworks/Foundation.framework; sourceTree = SDKROOT; };
		4F3B78F01807397600E1E64B /* main.m */ = {isa = PBXFileReference; lastKnownFileType = sourcecode.c.objc; path = main.m; sourceTree = "<group>"; };
		4F3B78F31807397600E1E64B /* LinkedList-Prefix.pch */ = {isa = PBXFileReference; lastKnownFileType = sourcecode.c.h; path = "LinkedList-Prefix.pch"; sourceTree = "<group>"; };
		4F3B78F41807397600E1E64B /* LinkedList.1 */ = {isa = PBXFileReference; lastKnownFileType = text.man; path = LinkedList.1; sourceTree = "<group>"; };
		4F3B78FB1807398900E1E64B /* Node.h */ = {isa = PBXFileReference; fileEncoding = 4; lastKnownFileType = sourcecode.c.h; path = Node.h; sourceTree = "<group>"; };
		4F3B78FC1807398900E1E64B /* Node.m */ = {isa = PBXFileReference; fileEncoding = 4; lastKnownFileType = sourcecode.c.objc; path = Node.m; sourceTree = "<group>"; };
		4F3B78FE180739B500E1E64B /* LinkedList.h */ = {isa = PBXFileReference; fileEncoding = 4; lastKnownFileType = sourcecode.c.h; path = LinkedList.h; sourceTree = "<group>"; };
		4F3B78FF180739B500E1E64B /* LinkedList.m */ = {isa = PBXFileReference; fileEncoding = 4; lastKnownFileType = sourcecode.c.objc; path = LinkedList.m; sourceTree = "<group>"; };
		4F5B460F181817C20097908F /* Queue.h */ = {isa = PBXFileReference; fileEncoding = 4; lastKnownFileType = sourcecode.c.h; path = Queue.h; sourceTree = "<group>"; };
		4F5B4610181817C20097908F /* Queue.m */ = {isa = PBXFileReference; fileEncoding = 4; lastKnownFileType = sourcecode.c.objc; path = Queue.m; sourceTree = "<group>"; };
		4F5B461318182CE60097908F /* SelectionSort.h */ = {isa = PBXFileReference; fileEncoding = 4; lastKnownFileType = sourcecode.c.h; name = SelectionSort.h; path = Sorting/SelectionSort/SelectionSort.h; sourceTree = "<group>"; };
		4F5B461418182CE60097908F /* SelectionSort.m */ = {isa = PBXFileReference; fileEncoding = 4; lastKnownFileType = sourcecode.c.objc; name = SelectionSort.m; path = Sorting/SelectionSort/SelectionSort.m; sourceTree = "<group>"; };
		4F5B4616181831F80097908F /* InsertionSort.h */ = {isa = PBXFileReference; fileEncoding = 4; lastKnownFileType = sourcecode.c.h; path = InsertionSort.h; sourceTree = "<group>"; };
		4F5B4617181831F80097908F /* InsertionSort.m */ = {isa = PBXFileReference; fileEncoding = 4; lastKnownFileType = sourcecode.c.objc; path = InsertionSort.m; sourceTree = "<group>"; };
		8299E1151807825C006AB434 /* Stack.h */ = {isa = PBXFileReference; fileEncoding = 4; lastKnownFileType = sourcecode.c.h; name = Stack.h; path = Stacks/Stack.h; sourceTree = SOURCE_ROOT; };
		8299E1161807825C006AB434 /* Stack.m */ = {isa = PBXFileReference; fileEncoding = 4; lastKnownFileType = sourcecode.c.objc; name = Stack.m; path = Stacks/Stack.m; sourceTree = SOURCE_ROOT; };
/* End PBXFileReference section */

/* Begin PBXFrameworksBuildPhase section */
		4F3B78E71807397600E1E64B /* Frameworks */ = {
			isa = PBXFrameworksBuildPhase;
			buildActionMask = 2147483647;
			files = (
				4F3B78EE1807397600E1E64B /* Foundation.framework in Frameworks */,
			);
			runOnlyForDeploymentPostprocessing = 0;
		};
/* End PBXFrameworksBuildPhase section */

/* Begin PBXGroup section */
		4F3B78E11807397600E1E64B = {
			isa = PBXGroup;
			children = (
				4F3B78EF1807397600E1E64B /* Algorithms */,
				4F3B78EC1807397600E1E64B /* Frameworks */,
				4F3B78EB1807397600E1E64B /* Products */,
			);
			sourceTree = "<group>";
		};
		4F3B78EB1807397600E1E64B /* Products */ = {
			isa = PBXGroup;
			children = (
				4F3B78EA1807397600E1E64B /* Algorithms */,
			);
			name = Products;
			sourceTree = "<group>";
		};
		4F3B78EC1807397600E1E64B /* Frameworks */ = {
			isa = PBXGroup;
			children = (
				4F3B78ED1807397600E1E64B /* Foundation.framework */,
			);
			name = Frameworks;
			sourceTree = "<group>";
		};
		4F3B78EF1807397600E1E64B /* Algorithms */ = {
			isa = PBXGroup;
			children = (
				4F5B461218182C670097908F /* Sorting */,
				4F5B460E1818179C0097908F /* Queue */,
				4F3B78F01807397600E1E64B /* main.m */,
				8299E11818078574006AB434 /* Stacks */,
				8299E11418077909006AB434 /* LinkedList */,
				4F3B78F41807397600E1E64B /* LinkedList.1 */,
				4F3B78F21807397600E1E64B /* Supporting Files */,
			);
			name = Algorithms;
			path = LinkedList;
			sourceTree = "<group>";
		};
		4F3B78F21807397600E1E64B /* Supporting Files */ = {
			isa = PBXGroup;
			children = (
				4F3B78F31807397600E1E64B /* LinkedList-Prefix.pch */,
			);
			name = "Supporting Files";
			sourceTree = "<group>";
		};
		4F5B460E1818179C0097908F /* Queue */ = {
			isa = PBXGroup;
			children = (
				4F5B460F181817C20097908F /* Queue.h */,
				4F5B4610181817C20097908F /* Queue.m */,
			);
			name = Queue;
			sourceTree = "<group>";
		};
		4F5B461218182C670097908F /* Sorting */ = {
			isa = PBXGroup;
			children = (
				4F5B461318182CE60097908F /* SelectionSort.h */,
				4F5B461418182CE60097908F /* SelectionSort.m */,
				4F5B4616181831F80097908F /* InsertionSort.h */,
				4F5B4617181831F80097908F /* InsertionSort.m */,
				4F1D1887181973D600DBF595 /* ShellSort.h */,
				4F1D1888181973D600DBF595 /* ShellSort.m */,
				4F1D188A1819995900DBF595 /* ShuffleSort.h */,
				4F1D188B1819995900DBF595 /* ShuffleSort.m */,
			);
			name = Sorting;
			sourceTree = "<group>";
		};
		8299E11418077909006AB434 /* LinkedList */ = {
			isa = PBXGroup;
			children = (
				4F3B78FE180739B500E1E64B /* LinkedList.h */,
				4F3B78FF180739B500E1E64B /* LinkedList.m */,
				4F3B78FB1807398900E1E64B /* Node.h */,
				4F3B78FC1807398900E1E64B /* Node.m */,
			);
			name = LinkedList;
			sourceTree = "<group>";
		};
		8299E11818078574006AB434 /* Stacks */ = {
			isa = PBXGroup;
			children = (
				8299E1151807825C006AB434 /* Stack.h */,
				8299E1161807825C006AB434 /* Stack.m */,
			);
			name = Stacks;
			sourceTree = "<group>";
		};
/* End PBXGroup section */

/* Begin PBXNativeTarget section */
		4F3B78E91807397600E1E64B /* Algorithms */ = {
			isa = PBXNativeTarget;
			buildConfigurationList = 4F3B78F81807397600E1E64B /* Build configuration list for PBXNativeTarget "Algorithms" */;
			buildPhases = (
				4F3B78E61807397600E1E64B /* Sources */,
				4F3B78E71807397600E1E64B /* Frameworks */,
				4F3B78E81807397600E1E64B /* CopyFiles */,
			);
			buildRules = (
			);
			dependencies = (
			);
			name = Algorithms;
			productName = LinkedList;
			productReference = 4F3B78EA1807397600E1E64B /* Algorithms */;
			productType = "com.apple.product-type.tool";
		};
/* End PBXNativeTarget section */

/* Begin PBXProject section */
		4F3B78E21807397600E1E64B /* Project object */ = {
			isa = PBXProject;
			attributes = {
				LastUpgradeCheck = 0500;
				ORGANIZATIONNAME = UWF;
			};
			buildConfigurationList = 4F3B78E51807397600E1E64B /* Build configuration list for PBXProject "Algorithms" */;
			compatibilityVersion = "Xcode 3.2";
			developmentRegion = English;
			hasScannedForEncodings = 0;
			knownRegions = (
				en,
			);
			mainGroup = 4F3B78E11807397600E1E64B;
			productRefGroup = 4F3B78EB1807397600E1E64B /* Products */;
			projectDirPath = "";
			projectRoot = "";
			targets = (
				4F3B78E91807397600E1E64B /* Algorithms */,
			);
		};
/* End PBXProject section */

/* Begin PBXSourcesBuildPhase section */
		4F3B78E61807397600E1E64B /* Sources */ = {
			isa = PBXSourcesBuildPhase;
			buildActionMask = 2147483647;
			files = (
				4F5B461518182CE60097908F /* SelectionSort.m in Sources */,
				4F5B4611181817C20097908F /* Queue.m in Sources */,
				8299E1171807825C006AB434 /* Stack.m in Sources */,
				4F3B7900180739B500E1E64B /* LinkedList.m in Sources */,
				4F3B78F11807397600E1E64B /* main.m in Sources */,
				4F3B78FD1807398900E1E64B /* Node.m in Sources */,
				4F1D1889181973D600DBF595 /* ShellSort.m in Sources */,
				4F1D188C1819995900DBF595 /* ShuffleSort.m in Sources */,
				4F5B4618181831F80097908F /* InsertionSort.m in Sources */,
			);
			runOnlyForDeploymentPostprocessing = 0;
		};
/* End PBXSourcesBuildPhase section */

/* Begin XCBuildConfiguration section */
		4F3B78F61807397600E1E64B /* Debug */ = {
			isa = XCBuildConfiguration;
			buildSettings = {
				ALWAYS_SEARCH_USER_PATHS = NO;
				CLANG_CXX_LANGUAGE_STANDARD = "gnu++0x";
				CLANG_CXX_LIBRARY = "libc++";
				CLANG_ENABLE_OBJC_ARC = YES;
				CLANG_WARN_BOOL_CONVERSION = YES;
				CLANG_WARN_CONSTANT_CONVERSION = YES;
				CLANG_WARN_DIRECT_OBJC_ISA_USAGE = YES_ERROR;
				CLANG_WARN_EMPTY_BODY = YES;
				CLANG_WARN_ENUM_CONVERSION = YES;
				CLANG_WARN_INT_CONVERSION = YES;
				CLANG_WARN_OBJC_ROOT_CLASS = YES_ERROR;
				CLANG_WARN__DUPLICATE_METHOD_MATCH = YES;
				COPY_PHASE_STRIP = NO;
				GCC_C_LANGUAGE_STANDARD = gnu99;
				GCC_DYNAMIC_NO_PIC = NO;
				GCC_ENABLE_OBJC_EXCEPTIONS = YES;
				GCC_OPTIMIZATION_LEVEL = 0;
				GCC_PREPROCESSOR_DEFINITIONS = (
					"DEBUG=1",
					"$(inherited)",
				);
				GCC_SYMBOLS_PRIVATE_EXTERN = NO;
				GCC_WARN_64_TO_32_BIT_CONVERSION = YES;
				GCC_WARN_ABOUT_RETURN_TYPE = YES_ERROR;
				GCC_WARN_UNDECLARED_SELECTOR = YES;
				GCC_WARN_UNINITIALIZED_AUTOS = YES;
				GCC_WARN_UNUSED_FUNCTION = YES;
				GCC_WARN_UNUSED_VARIABLE = YES;
				MACOSX_DEPLOYMENT_TARGET = 10.8;
				ONLY_ACTIVE_ARCH = YES;
				SDKROOT = macosx;
			};
			name = Debug;
		};
		4F3B78F71807397600E1E64B /* Release */ = {
			isa = XCBuildConfiguration;
			buildSettings = {
				ALWAYS_SEARCH_USER_PATHS = NO;
				CLANG_CXX_LANGUAGE_STANDARD = "gnu++0x";
				CLANG_CXX_LIBRARY = "libc++";
				CLANG_ENABLE_OBJC_ARC = YES;
				CLANG_WARN_BOOL_CONVERSION = YES;
				CLANG_WARN_CONSTANT_CONVERSION = YES;
				CLANG_WARN_DIRECT_OBJC_ISA_USAGE = YES_ERROR;
				CLANG_WARN_EMPTY_BODY = YES;
				CLANG_WARN_ENUM_CONVERSION = YES;
				CLANG_WARN_INT_CONVERSION = YES;
				CLANG_WARN_OBJC_ROOT_CLASS = YES_ERROR;
				CLANG_WARN__DUPLICATE_METHOD_MATCH = YES;
				COPY_PHASE_STRIP = YES;
				DEBUG_INFORMATION_FORMAT = "dwarf-with-dsym";
				ENABLE_NS_ASSERTIONS = NO;
				GCC_C_LANGUAGE_STANDARD = gnu99;
				GCC_ENABLE_OBJC_EXCEPTIONS = YES;
				GCC_WARN_64_TO_32_BIT_CONVERSION = YES;
				GCC_WARN_ABOUT_RETURN_TYPE = YES_ERROR;
				GCC_WARN_UNDECLARED_SELECTOR = YES;
				GCC_WARN_UNINITIALIZED_AUTOS = YES;
				GCC_WARN_UNUSED_FUNCTION = YES;
				GCC_WARN_UNUSED_VARIABLE = YES;
				MACOSX_DEPLOYMENT_TARGET = 10.8;
				SDKROOT = macosx;
			};
			name = Release;
		};
		4F3B78F91807397600E1E64B /* Debug */ = {
			isa = XCBuildConfiguration;
			buildSettings = {
				GCC_PRECOMPILE_PREFIX_HEADER = YES;
				GCC_PREFIX_HEADER = "LinkedList/Algorithms-Prefix.pch";
				PRODUCT_NAME = Algorithms;
			};
			name = Debug;
		};
		4F3B78FA1807397600E1E64B /* Release */ = {
			isa = XCBuildConfiguration;
			buildSettings = {
				GCC_PRECOMPILE_PREFIX_HEADER = YES;
				GCC_PREFIX_HEADER = "LinkedList/Algorithms-Prefix.pch";
				PRODUCT_NAME = Algorithms;
			};
			name = Release;
		};
/* End XCBuildConfiguration section */

/* Begin XCConfigurationList section */
		4F3B78E51807397600E1E64B /* Build configuration list for PBXProject "Algorithms" */ = {
			isa = XCConfigurationList;
			buildConfigurations = (
				4F3B78F61807397600E1E64B /* Debug */,
				4F3B78F71807397600E1E64B /* Release */,
			);
			defaultConfigurationIsVisible = 0;
			defaultConfigurationName = Release;
		};
		4F3B78F81807397600E1E64B /* Build configuration list for PBXNativeTarget "Algorithms" */ = {
			isa = XCConfigurationList;
			buildConfigurations = (
				4F3B78F91807397600E1E64B /* Debug */,
				4F3B78FA1807397600E1E64B /* Release */,
			);
			defaultConfigurationIsVisible = 0;
			defaultConfigurationName = Release;
		};
/* End XCConfigurationList section */
	};
	rootObject = 4F3B78E21807397600E1E64B /* Project object */;
}
